// !$*UTF8*$!
{
	archiveVersion = 1;
	classes = {
	};
	objectVersion = 46;
	objects = {

/* Begin PBXBuildFile section */
		40A74F311C19E05700C0A09F /* main.m in Sources */ = {isa = PBXBuildFile; fileRef = 40A74F301C19E05700C0A09F /* main.m */; };
		40A74F341C19E05700C0A09F /* AppDelegate.m in Sources */ = {isa = PBXBuildFile; fileRef = 40A74F331C19E05700C0A09F /* AppDelegate.m */; };
		40A74F3C1C19E05700C0A09F /* Assets.xcassets in Resources */ = {isa = PBXBuildFile; fileRef = 40A74F3B1C19E05700C0A09F /* Assets.xcassets */; };
		40A74F3F1C19E05700C0A09F /* LaunchScreen.storyboard in Resources */ = {isa = PBXBuildFile; fileRef = 40A74F3D1C19E05700C0A09F /* LaunchScreen.storyboard */; };
		40A74F481C19E07900C0A09F /* BBMainViewController.m in Sources */ = {isa = PBXBuildFile; fileRef = 40A74F471C19E07900C0A09F /* BBMainViewController.m */; };
/* End PBXBuildFile section */

/* Begin PBXFileReference section */
		40A74F2C1C19E05700C0A09F /* UIViewController-Category.app */ = {isa = PBXFileReference; explicitFileType = wrapper.application; includeInIndex = 0; path = "UIViewController-Category.app"; sourceTree = BUILT_PRODUCTS_DIR; };
		40A74F301C19E05700C0A09F /* main.m */ = {isa = PBXFileReference; lastKnownFileType = sourcecode.c.objc; path = main.m; sourceTree = "<group>"; };
		40A74F321C19E05700C0A09F /* AppDelegate.h */ = {isa = PBXFileReference; lastKnownFileType = sourcecode.c.h; path = AppDelegate.h; sourceTree = "<group>"; };
		40A74F331C19E05700C0A09F /* AppDelegate.m */ = {isa = PBXFileReference; lastKnownFileType = sourcecode.c.objc; path = AppDelegate.m; sourceTree = "<group>"; };
		40A74F3B1C19E05700C0A09F /* Assets.xcassets */ = {isa = PBXFileReference; lastKnownFileType = folder.assetcatalog; path = Assets.xcassets; sourceTree = "<group>"; };
		40A74F3E1C19E05700C0A09F /* Base */ = {isa = PBXFileReference; lastKnownFileType = file.storyboard; name = Base; path = Base.lproj/LaunchScreen.storyboard; sourceTree = "<group>"; };
		40A74F401C19E05700C0A09F /* Info.plist */ = {isa = PBXFileReference; lastKnownFileType = text.plist.xml; path = Info.plist; sourceTree = "<group>"; };
		40A74F461C19E07900C0A09F /* BBMainViewController.h */ = {isa = PBXFileReference; fileEncoding = 4; lastKnownFileType = sourcecode.c.h; path = BBMainViewController.h; sourceTree = "<group>"; };
		40A74F471C19E07900C0A09F /* BBMainViewController.m */ = {isa = PBXFileReference; fileEncoding = 4; lastKnownFileType = sourcecode.c.objc; path = BBMainViewController.m; sourceTree = "<group>"; };
/* End PBXFileReference section */

/* Begin PBXFrameworksBuildPhase section */
		40A74F291C19E05700C0A09F /* Frameworks */ = {
			isa = PBXFrameworksBuildPhase;
			buildActionMask = 2147483647;
			files = (
			);
			runOnlyForDeploymentPostprocessing = 0;
		};
/* End PBXFrameworksBuildPhase section */

/* Begin PBXGroup section */
		40A74F231C19E05700C0A09F = {
			isa = PBXGroup;
			children = (
				40A74F2E1C19E05700C0A09F /* UIViewController-Category */,
				40A74F2D1C19E05700C0A09F /* Products */,
			);
			sourceTree = "<group>";
		};
		40A74F2D1C19E05700C0A09F /* Products */ = {
			isa = PBXGroup;
			children = (
				40A74F2C1C19E05700C0A09F /* UIViewController-Category.app */,
			);
			name = Products;
			sourceTree = "<group>";
		};
		40A74F2E1C19E05700C0A09F /* UIViewController-Category */ = {
			isa = PBXGroup;
			children = (
				40A74F321C19E05700C0A09F /* AppDelegate.h */,
				40A74F331C19E05700C0A09F /* AppDelegate.m */,
				40A74F461C19E07900C0A09F /* BBMainViewController.h */,
				40A74F471C19E07900C0A09F /* BBMainViewController.m */,
				40A74F3B1C19E05700C0A09F /* Assets.xcassets */,
				40A74F3D1C19E05700C0A09F /* LaunchScreen.storyboard */,
				40A74F401C19E05700C0A09F /* Info.plist */,
				40A74F2F1C19E05700C0A09F /* Supporting Files */,
			);
			path = "UIViewController-Category";
			sourceTree = "<group>";
		};
		40A74F2F1C19E05700C0A09F /* Supporting Files */ = {
			isa = PBXGroup;
			children = (
				40A74F301C19E05700C0A09F /* main.m */,
			);
			name = "Supporting Files";
			sourceTree = "<group>";
		};
/* End PBXGroup section */

/* Begin PBXNativeTarget section */
		40A74F2B1C19E05700C0A09F /* UIViewController-Category */ = {
			isa = PBXNativeTarget;
			buildConfigurationList = 40A74F431C19E05700C0A09F /* Build configuration list for PBXNativeTarget "UIViewController-Category" */;
			buildPhases = (
				40A74F281C19E05700C0A09F /* Sources */,
				40A74F291C19E05700C0A09F /* Frameworks */,
				40A74F2A1C19E05700C0A09F /* Resources */,
			);
			buildRules = (
			);
			dependencies = (
			);
			name = "UIViewController-Category";
			productName = "UIViewController-Category";
			productReference = 40A74F2C1C19E05700C0A09F /* UIViewController-Category.app */;
			productType = "com.apple.product-type.application";
		};
/* End PBXNativeTarget section */

/* Begin PBXProject section */
		40A74F241C19E05700C0A09F /* Project object */ = {
			isa = PBXProject;
			attributes = {
				CLASSPREFIX = BB;
				LastUpgradeCheck = 0710;
				ORGANIZATIONNAME = wave;
				TargetAttributes = {
					40A74F2B1C19E05700C0A09F = {
						CreatedOnToolsVersion = 7.1.1;
						DevelopmentTeam = H8Z9635W9H;
					};
				};
			};
			buildConfigurationList = 40A74F271C19E05700C0A09F /* Build configuration list for PBXProject "UIViewController-Category" */;
			compatibilityVersion = "Xcode 3.2";
			developmentRegion = English;
			hasScannedForEncodings = 0;
			knownRegions = (
				en,
				Base,
			);
			mainGroup = 40A74F231C19E05700C0A09F;
			productRefGroup = 40A74F2D1C19E05700C0A09F /* Products */;
			projectDirPath = "";
			projectRoot = "";
			targets = (
				40A74F2B1C19E05700C0A09F /* UIViewController-Category */,
			);
		};
/* End PBXProject section */

/* Begin PBXResourcesBuildPhase section */
		40A74F2A1C19E05700C0A09F /* Resources */ = {
			isa = PBXResourcesBuildPhase;
			buildActionMask = 2147483647;
			files = (
				40A74F3F1C19E05700C0A09F /* LaunchScreen.storyboard in Resources */,
				40A74F3C1C19E05700C0A09F /* Assets.xcassets in Resources */,
			);
			runOnlyForDeploymentPostprocessing = 0;
		};
/* End PBXResourcesBuildPhase section */

/* Begin PBXSourcesBuildPhase section */
		40A74F281C19E05700C0A09F /* Sources */ = {
			isa = PBXSourcesBuildPhase;
			buildActionMask = 2147483647;
			files = (
				40A74F481C19E07900C0A09F /* BBMainViewController.m in Sources */,
				40A74F341C19E05700C0A09F /* AppDelegate.m in Sources */,
				40A74F311C19E05700C0A09F /* main.m in Sources */,
			);
			runOnlyForDeploymentPostprocessing = 0;
		};
/* End PBXSourcesBuildPhase section */

/* Begin PBXVariantGroup section */
		40A74F3D1C19E05700C0A09F /* LaunchScreen.storyboard */ = {
			isa = PBXVariantGroup;
			children = (
				40A74F3E1C19E05700C0A09F /* Base */,
			);
			name = LaunchScreen.storyboard;
			sourceTree = "<group>";
		};
/* End PBXVariantGroup section */

/* Begin XCBuildConfiguration section */
		40A74F411C19E05700C0A09F /* Debug */ = {
			isa = XCBuildConfiguration;
			buildSettings = {
				ALWAYS_SEARCH_USER_PATHS = NO;
				CLANG_CXX_LANGUAGE_STANDARD = "gnu++0x";
				CLANG_CXX_LIBRARY = "libc++";
				CLANG_ENABLE_MODULES = YES;
				CLANG_ENABLE_OBJC_ARC = YES;
				CLANG_WARN_BOOL_CONVERSION = YES;
				CLANG_WARN_CONSTANT_CONVERSION = YES;
				CLANG_WARN_DIRECT_OBJC_ISA_USAGE = YES_ERROR;
				CLANG_WARN_EMPTY_BODY = YES;
				CLANG_WARN_ENUM_CONVERSION = YES;
				CLANG_WARN_INT_CONVERSION = YES;
				CLANG_WARN_OBJC_ROOT_CLASS = YES_ERROR;
				CLANG_WARN_UNREACHABLE_CODE = YES;
				CLANG_WARN__DUPLICATE_METHOD_MATCH = YES;
				"CODE_SIGN_IDENTITY[sdk=iphoneos*]" = "iPhone Developer";
				COPY_PHASE_STRIP = NO;
				DEBUG_INFORMATION_FORMAT = dwarf;
				ENABLE_STRICT_OBJC_MSGSEND = YES;
				ENABLE_TESTABILITY = YES;
				GCC_C_LANGUAGE_STANDARD = gnu99;
				GCC_DYNAMIC_NO_PIC = NO;
				GCC_NO_COMMON_BLOCKS = YES;
				GCC_OPTIMIZATION_LEVEL = 0;
				GCC_PREPROCESSOR_DEFINITIONS = (
					"DEBUG=1",
					"$(inherited)",
				);
				GCC_WARN_64_TO_32_BIT_CONVERSION = YES;
				GCC_WARN_ABOUT_RETURN_TYPE = YES_ERROR;
				GCC_WARN_UNDECLARED_SELECTOR = YES;
				GCC_WARN_UNINITIALIZED_AUTOS = YES_AGGRESSIVE;
				GCC_WARN_UNUSED_FUNCTION = YES;
				GCC_WARN_UNUSED_VARIABLE = YES;
				IPHONEOS_DEPLOYMENT_TARGET = 9.1;
				MTL_ENABLE_DEBUG_INFO = YES;
				ONLY_ACTIVE_ARCH = YES;
				SDKROOT = iphoneos;
			};
			name = Debug;
		};
		40A74F421C19E05700C0A09F /* Release */ = {
			isa = XCBuildConfiguration;
			buildSettings = {
				ALWAYS_SEARCH_USER_PATHS = NO;
				CLANG_CXX_LANGUAGE_STANDARD = "gnu++0x";
				CLANG_CXX_LIBRARY = "libc++";
				CLANG_ENABLE_MODULES = YES;
				CLANG_ENABLE_OBJC_ARC = YES;
				CLANG_WARN_BOOL_CONVERSION = YES;
				CLANG_WARN_CONSTANT_CONVERSION = YES;
				CLANG_WARN_DIRECT_OBJC_ISA_USAGE = YES_ERROR;
				CLANG_WARN_EMPTY_BODY = YES;
				CLANG_WARN_ENUM_CONVERSION = YES;
				CLANG_WARN_INT_CONVERSION = YES;
				CLANG_WARN_OBJC_ROOT_CLASS = YES_ERROR;
				CLANG_WARN_UNREACHABLE_CODE = YES;
				CLANG_WARN__DUPLICATE_METHOD_MATCH = YES;
				"CODE_SIGN_IDENTITY[sdk=iphoneos*]" = "iPhone Developer";
				COPY_PHASE_STRIP = NO;
				DEBUG_INFORMATION_FORMAT = "dwarf-with-dsym";
				ENABLE_NS_ASSERTIONS = NO;
				ENABLE_STRICT_OBJC_MSGSEND = YES;
				GCC_C_LANGUAGE_STANDARD = gnu99;
				GCC_NO_COMMON_BLOCKS = YES;
				GCC_WARN_64_TO_32_BIT_CONVERSION = YES;
				GCC_WARN_ABOUT_RETURN_TYPE = YES_ERROR;
				GCC_WARN_UNDECLARED_SELECTOR = YES;
				GCC_WARN_UNINITIALIZED_AUTOS = YES_AGGRESSIVE;
				GCC_WARN_UNUSED_FUNCTION = YES;
				GCC_WARN_UNUSED_VARIABLE = YES;
				IPHONEOS_DEPLOYMENT_TARGET = 9.1;
				MTL_ENABLE_DEBUG_INFO = NO;
				SDKROOT = iphoneos;
				VALIDATE_PRODUCT = YES;
			};
			name = Release;
		};
		40A74F441C19E05700C0A09F /* Debug */ = {
			isa = XCBuildConfiguration;
			buildSettings = {
				ASSETCATALOG_COMPILER_APPICON_NAME = AppIcon;
				INFOPLIST_FILE = "UIViewController-Category/Info.plist";
				IPHONEOS_DEPLOYMENT_TARGET = 9.0;
				LD_RUNPATH_SEARCH_PATHS = "$(inherited) @executable_path/Frameworks";
				PRODUCT_BUNDLE_IDENTIFIER = "cn.bobo.UIViewController-Category";
				PRODUCT_NAME = "$(TARGET_NAME)";
			};
			name = Debug;
		};
		40A74F451C19E05700C0A09F /* Release */ = {
			isa = XCBuildConfiguration;
			buildSettings = {
				ASSETCATALOG_COMPILER_APPICON_NAME = AppIcon;
				INFOPLIST_FILE = "UIViewController-Category/Info.plist";
				IPHONEOS_DEPLOYMENT_TARGET = 9.0;
				LD_RUNPATH_SEARCH_PATHS = "$(inherited) @executable_path/Frameworks";
				PRODUCT_BUNDLE_IDENTIFIER = "cn.bobo.UIViewController-Category";
				PRODUCT_NAME = "$(TARGET_NAME)";
			};
			name = Release;
		};
/* End XCBuildConfiguration section */

/* Begin XCConfigurationList section */
		40A74F271C19E05700C0A09F /* Build configuration list for PBXProject "UIViewController-Category" */ = {
			isa = XCConfigurationList;
			buildConfigurations = (
				40A74F411C19E05700C0A09F /* Debug */,
				40A74F421C19E05700C0A09F /* Release */,
			);
			defaultConfigurationIsVisible = 0;
			defaultConfigurationName = Release;
		};
		40A74F431C19E05700C0A09F /* Build configuration list for PBXNativeTarget "UIViewController-Category" */ = {
			isa = XCConfigurationList;
			buildConfigurations = (
				40A74F441C19E05700C0A09F /* Debug */,
				40A74F451C19E05700C0A09F /* Release */,
			);
			defaultConfigurationIsVisible = 0;
		};
/* End XCConfigurationList section */
	};
	rootObject = 40A74F241C19E05700C0A09F /* Project object */;
}
